
Microsoft Visual Studio Solution File, Format Version 12.00
# Visual Studio Version 17
VisualStudioVersion = 17.13.35716.79 d17.13
MinimumVisualStudioVersion = 10.0.40219.1
Project("{FAE04EC0-301F-11D3-BF4B-00C04F79EFBC}") = "FinanceAPI", "FinanceAPI\FinanceAPI.csproj", "{9C55AFF7-235B-4BEE-BE86-02FC2E8EF7D3}"
EndProject
Global
	GlobalSection(SolutionConfigurationPlatforms) = preSolution
		Debug|Any CPU = Debug|Any CPU
		Release|Any CPU = Release|Any CPU
	EndGlobalSection
	GlobalSection(ProjectConfigurationPlatforms) = postSolution
		{9C55AFF7-235B-4BEE-BE86-02FC2E8EF7D3}.Debug|Any CPU.ActiveCfg = Debug|Any CPU
		{9C55AFF7-235B-4BEE-BE86-02FC2E8EF7D3}.Debug|Any CPU.Build.0 = Debug|Any CPU
		{9C55AFF7-235B-4BEE-BE86-02FC2E8EF7D3}.Release|Any CPU.ActiveCfg = Release|Any CPU
		{9C55AFF7-235B-4BEE-BE86-02FC2E8EF7D3}.Release|Any CPU.Build.0 = Release|Any CPU
	EndGlobalSection
	GlobalSection(SolutionProperties) = preSolution
		HideSolutionNode = FALSE
	EndGlobalSection
	GlobalSection(ExtensibilityGlobals) = postSolution
		SolutionGuid = {863FBC10-CBD7-471D-81A9-3C4F52948EBB}
	EndGlobalSection
EndGlobal
